PODS:
  - PubyYanSDK (0.0.1)

DEPENDENCIES:
  - PubyYanSDK (from `https://raw.githubusercontent.com/guangyao/pbsdk/main/PubyYanSDK.podspec`)

EXTERNAL SOURCES:
  PubyYanSDK:
    :podspec: https://raw.githubusercontent.com/guangyao/pbsdk/main/PubyYanSDK.podspec

SPEC CHECKSUMS:
  PubyYanSDK: 31c773928a08a3453cfc003187ef179919f1800f

PODFILE CHECKSUM: aaea1166a8888855d1be9fc95794835314ce56ff

COCOAPODS: 1.16.2
