PODS:
  - PubyYanSDK (0.0.3)

DEPENDENCIES:
  - PubyYanSDK (from `https://raw.githubusercontent.com/guangyao/pbsdk/main/PubyYanSDK.podspec`)

EXTERNAL SOURCES:
  PubyYanSDK:
    :podspec: https://raw.githubusercontent.com/guangyao/pbsdk/main/PubyYanSDK.podspec

SPEC CHECKSUMS:
  PubyYanSDK: ce0a2e21129c67e9ea8131887ca88746f600d58b

PODFILE CHECKSUM: aaea1166a8888855d1be9fc95794835314ce56ff

COCOAPODS: 1.16.2
